# THIS IS AN AUTOGENERATED FILE. DO NOT EDIT THIS FILE DIRECTLY.
# yarn lockfile v1


react-is@^19.2.0:
  version "19.2.0"
  resolved "https://registry.yarnpkg.com/react-is/-/react-is-19.2.0.tgz#ddc3b4a4e0f3336c3847f18b806506388d7b9973"
  integrity sha512-x3Ax3kNSMIIkyVYhWPyO09bu0uttcAIoecO/um/rKGQ4EltYWVYtyiGkS/3xMynrbVQdS69Jhlv8FXUEZehlzA==
